{
    "_readme": [
        "This file locks the dependencies of your project to a known state",
        "Read more about it at https://getcomposer.org/doc/01-basic-usage.md#installing-dependencies",
        "This file is @generated automatically"
    ],
    "content-hash": "16bc4c38c63c2d2779948edfe915decc",
    "packages": [
        {
            "name": "ponup/mammoth",
            "version": "dev-master",
            "source": {
                "type": "git",
                "url": "https://github.com/Ponup/mammoth-framework.git",
                "reference": "fe99dda394c4f3a4583c3712be387a7189f84e9a"
            },
            "dist": {
                "type": "zip",
                "url": "https://api.github.com/repos/Ponup/mammoth-framework/zipball/fe99dda394c4f3a4583c3712be387a7189f84e9a",
                "reference": "fe99dda394c4f3a4583c3712be387a7189f84e9a",
                "shasum": ""
            },
            "require": {
                "php": "^8.1"
            },
            "require-dev": {
                "phpunit/phpunit": "^9"
            },
            "default-branch": true,
            "type": "library",
            "autoload": {
                "psr-4": {
                    "Mammoth\\": "src"
                }
            },
            "notification-url": "https://packagist.org/downloads/",
            "description": "Mammoth framework - Multimedia with PHP",
            "support": {
                "issues": "https://github.com/Ponup/mammoth-framework/issues",
                "source": "https://github.com/Ponup/mammoth-framework/tree/0.0.1"
            },
            "time": "2022-01-18T18:49:04+00:00"
        }
    ],
    "packages-dev": [],
    "aliases": [],
    "minimum-stability": "dev",
    "stability-flags": {
        "ponup/mammoth": 20
    },
    "prefer-stable": true,
    "prefer-lowest": false,
    "platform": [],
    "platform-dev": [],
    "plugin-api-version": "2.1.0"
}
